// !$*UTF8*$!
{
	archiveVersion = 1;
	classes = {
	};
	objectVersion = 50;
	objects = {

/* Begin PBXBuildFile section */
		4C9A1DCB214B85AE000CEBB8 /* AppDelegate.m in Sources */ = {isa = PBXBuildFile; fileRef = 4C9A1DCA214B85AE000CEBB8 /* AppDelegate.m */; };
		4C9A1DCE214B85AE000CEBB8 /* ViewController.m in Sources */ = {isa = PBXBuildFile; fileRef = 4C9A1DCD214B85AE000CEBB8 /* ViewController.m */; };
		4C9A1DD1214B85AE000CEBB8 /* Main.storyboard in Resources */ = {isa = PBXBuildFile; fileRef = 4C9A1DCF214B85AE000CEBB8 /* Main.storyboard */; };
		4C9A1DD3214B85B0000CEBB8 /* Assets.xcassets in Resources */ = {isa = PBXBuildFile; fileRef = 4C9A1DD2214B85B0000CEBB8 /* Assets.xcassets */; };
		4C9A1DD6214B85B0000CEBB8 /* LaunchScreen.storyboard in Resources */ = {isa = PBXBuildFile; fileRef = 4C9A1DD4214B85B0000CEBB8 /* LaunchScreen.storyboard */; };
		4C9A1DD9214B85B0000CEBB8 /* main.m in Sources */ = {isa = PBXBuildFile; fileRef = 4C9A1DD8214B85B0000CEBB8 /* main.m */; };
		4C9A1DE3214B85B0000CEBB8 /* DBWalletToolTests.m in Sources */ = {isa = PBXBuildFile; fileRef = 4C9A1DE2214B85B0000CEBB8 /* DBWalletToolTests.m */; };
		4C9A1DEE214B85B0000CEBB8 /* DBWalletToolUITests.m in Sources */ = {isa = PBXBuildFile; fileRef = 4C9A1DED214B85B0000CEBB8 /* DBWalletToolUITests.m */; };
		4C9A1DFF214B85C6000CEBB8 /* ethers.framework in Frameworks */ = {isa = PBXBuildFile; fileRef = 4C9A1DFC214B85C6000CEBB8 /* ethers.framework */; };
		4C9A1E00214B85C6000CEBB8 /* hsether.a in Frameworks */ = {isa = PBXBuildFile; fileRef = 4C9A1DFE214B85C6000CEBB8 /* hsether.a */; };
/* End PBXBuildFile section */

/* Begin PBXContainerItemProxy section */
		4C9A1DDF214B85B0000CEBB8 /* PBXContainerItemProxy */ = {
			isa = PBXContainerItemProxy;
			containerPortal = 4C9A1DBE214B85AE000CEBB8 /* Project object */;
			proxyType = 1;
			remoteGlobalIDString = 4C9A1DC5214B85AE000CEBB8;
			remoteInfo = DBWalletTool;
		};
		4C9A1DEA214B85B0000CEBB8 /* PBXContainerItemProxy */ = {
			isa = PBXContainerItemProxy;
			containerPortal = 4C9A1DBE214B85AE000CEBB8 /* Project object */;
			proxyType = 1;
			remoteGlobalIDString = 4C9A1DC5214B85AE000CEBB8;
			remoteInfo = DBWalletTool;
		};
/* End PBXContainerItemProxy section */

/* Begin PBXFileReference section */
		4C9A1DC6214B85AE000CEBB8 /* DBWalletTool.app */ = {isa = PBXFileReference; explicitFileType = wrapper.application; includeInIndex = 0; path = DBWalletTool.app; sourceTree = BUILT_PRODUCTS_DIR; };
		4C9A1DC9214B85AE000CEBB8 /* AppDelegate.h */ = {isa = PBXFileReference; lastKnownFileType = sourcecode.c.h; path = AppDelegate.h; sourceTree = "<group>"; };
		4C9A1DCA214B85AE000CEBB8 /* AppDelegate.m */ = {isa = PBXFileReference; lastKnownFileType = sourcecode.c.objc; path = AppDelegate.m; sourceTree = "<group>"; };
		4C9A1DCC214B85AE000CEBB8 /* ViewController.h */ = {isa = PBXFileReference; lastKnownFileType = sourcecode.c.h; path = ViewController.h; sourceTree = "<group>"; };
		4C9A1DCD214B85AE000CEBB8 /* ViewController.m */ = {isa = PBXFileReference; lastKnownFileType = sourcecode.c.objc; path = ViewController.m; sourceTree = "<group>"; };
		4C9A1DD0214B85AE000CEBB8 /* Base */ = {isa = PBXFileReference; lastKnownFileType = file.storyboard; name = Base; path = Base.lproj/Main.storyboard; sourceTree = "<group>"; };
		4C9A1DD2214B85B0000CEBB8 /* Assets.xcassets */ = {isa = PBXFileReference; lastKnownFileType = folder.assetcatalog; path = Assets.xcassets; sourceTree = "<group>"; };
		4C9A1DD5214B85B0000CEBB8 /* Base */ = {isa = PBXFileReference; lastKnownFileType = file.storyboard; name = Base; path = Base.lproj/LaunchScreen.storyboard; sourceTree = "<group>"; };
		4C9A1DD7214B85B0000CEBB8 /* Info.plist */ = {isa = PBXFileReference; lastKnownFileType = text.plist.xml; path = Info.plist; sourceTree = "<group>"; };
		4C9A1DD8214B85B0000CEBB8 /* main.m */ = {isa = PBXFileReference; lastKnownFileType = sourcecode.c.objc; path = main.m; sourceTree = "<group>"; };
		4C9A1DDE214B85B0000CEBB8 /* DBWalletToolTests.xctest */ = {isa = PBXFileReference; explicitFileType = wrapper.cfbundle; includeInIndex = 0; path = DBWalletToolTests.xctest; sourceTree = BUILT_PRODUCTS_DIR; };
		4C9A1DE2214B85B0000CEBB8 /* DBWalletToolTests.m */ = {isa = PBXFileReference; lastKnownFileType = sourcecode.c.objc; path = DBWalletToolTests.m; sourceTree = "<group>"; };
		4C9A1DE4214B85B0000CEBB8 /* Info.plist */ = {isa = PBXFileReference; lastKnownFileType = text.plist.xml; path = Info.plist; sourceTree = "<group>"; };
		4C9A1DE9214B85B0000CEBB8 /* DBWalletToolUITests.xctest */ = {isa = PBXFileReference; explicitFileType = wrapper.cfbundle; includeInIndex = 0; path = DBWalletToolUITests.xctest; sourceTree = BUILT_PRODUCTS_DIR; };
		4C9A1DED214B85B0000CEBB8 /* DBWalletToolUITests.m */ = {isa = PBXFileReference; lastKnownFileType = sourcecode.c.objc; path = DBWalletToolUITests.m; sourceTree = "<group>"; };
		4C9A1DEF214B85B0000CEBB8 /* Info.plist */ = {isa = PBXFileReference; lastKnownFileType = text.plist.xml; path = Info.plist; sourceTree = "<group>"; };
		4C9A1DFC214B85C6000CEBB8 /* ethers.framework */ = {isa = PBXFileReference; lastKnownFileType = wrapper.framework; path = ethers.framework; sourceTree = "<group>"; };
		4C9A1DFD214B85C6000CEBB8 /* HSEther.h */ = {isa = PBXFileReference; fileEncoding = 4; lastKnownFileType = sourcecode.c.h; path = HSEther.h; sourceTree = "<group>"; };
		4C9A1DFE214B85C6000CEBB8 /* hsether.a */ = {isa = PBXFileReference; lastKnownFileType = archive.ar; path = hsether.a; sourceTree = "<group>"; };
/* End PBXFileReference section */

/* Begin PBXFrameworksBuildPhase section */
		4C9A1DC3214B85AE000CEBB8 /* Frameworks */ = {
			isa = PBXFrameworksBuildPhase;
			buildActionMask = 2147483647;
			files = (
				4C9A1DFF214B85C6000CEBB8 /* ethers.framework in Frameworks */,
				4C9A1E00214B85C6000CEBB8 /* hsether.a in Frameworks */,
			);
			runOnlyForDeploymentPostprocessing = 0;
		};
		4C9A1DDB214B85B0000CEBB8 /* Frameworks */ = {
			isa = PBXFrameworksBuildPhase;
			buildActionMask = 2147483647;
			files = (
			);
			runOnlyForDeploymentPostprocessing = 0;
		};
		4C9A1DE6214B85B0000CEBB8 /* Frameworks */ = {
			isa = PBXFrameworksBuildPhase;
			buildActionMask = 2147483647;
			files = (
			);
			runOnlyForDeploymentPostprocessing = 0;
		};
/* End PBXFrameworksBuildPhase section */

/* Begin PBXGroup section */
		4C9A1DBD214B85AE000CEBB8 = {
			isa = PBXGroup;
			children = (
				4C9A1DFB214B85C6000CEBB8 /* WalletTool */,
				4C9A1DC8214B85AE000CEBB8 /* DBWalletTool */,
				4C9A1DE1214B85B0000CEBB8 /* DBWalletToolTests */,
				4C9A1DEC214B85B0000CEBB8 /* DBWalletToolUITests */,
				4C9A1DC7214B85AE000CEBB8 /* Products */,
			);
			sourceTree = "<group>";
		};
		4C9A1DC7214B85AE000CEBB8 /* Products */ = {
			isa = PBXGroup;
			children = (
				4C9A1DC6214B85AE000CEBB8 /* DBWalletTool.app */,
				4C9A1DDE214B85B0000CEBB8 /* DBWalletToolTests.xctest */,
				4C9A1DE9214B85B0000CEBB8 /* DBWalletToolUITests.xctest */,
			);
			name = Products;
			sourceTree = "<group>";
		};
		4C9A1DC8214B85AE000CEBB8 /* DBWalletTool */ = {
			isa = PBXGroup;
			children = (
				4C9A1DC9214B85AE000CEBB8 /* AppDelegate.h */,
				4C9A1DCA214B85AE000CEBB8 /* AppDelegate.m */,
				4C9A1DCC214B85AE000CEBB8 /* ViewController.h */,
				4C9A1DCD214B85AE000CEBB8 /* ViewController.m */,
				4C9A1DCF214B85AE000CEBB8 /* Main.storyboard */,
				4C9A1DD2214B85B0000CEBB8 /* Assets.xcassets */,
				4C9A1DD4214B85B0000CEBB8 /* LaunchScreen.storyboard */,
				4C9A1DD7214B85B0000CEBB8 /* Info.plist */,
				4C9A1DD8214B85B0000CEBB8 /* main.m */,
			);
			path = DBWalletTool;
			sourceTree = "<group>";
		};
		4C9A1DE1214B85B0000CEBB8 /* DBWalletToolTests */ = {
			isa = PBXGroup;
			children = (
				4C9A1DE2214B85B0000CEBB8 /* DBWalletToolTests.m */,
				4C9A1DE4214B85B0000CEBB8 /* Info.plist */,
			);
			path = DBWalletToolTests;
			sourceTree = "<group>";
		};
		4C9A1DEC214B85B0000CEBB8 /* DBWalletToolUITests */ = {
			isa = PBXGroup;
			children = (
				4C9A1DED214B85B0000CEBB8 /* DBWalletToolUITests.m */,
				4C9A1DEF214B85B0000CEBB8 /* Info.plist */,
			);
			path = DBWalletToolUITests;
			sourceTree = "<group>";
		};
		4C9A1DFB214B85C6000CEBB8 /* WalletTool */ = {
			isa = PBXGroup;
			children = (
				4C9A1DFC214B85C6000CEBB8 /* ethers.framework */,
				4C9A1DFD214B85C6000CEBB8 /* HSEther.h */,
				4C9A1DFE214B85C6000CEBB8 /* hsether.a */,
			);
			name = WalletTool;
			path = ../WalletTool;
			sourceTree = "<group>";
		};
/* End PBXGroup section */

/* Begin PBXNativeTarget section */
		4C9A1DC5214B85AE000CEBB8 /* DBWalletTool */ = {
			isa = PBXNativeTarget;
			buildConfigurationList = 4C9A1DF2214B85B0000CEBB8 /* Build configuration list for PBXNativeTarget "DBWalletTool" */;
			buildPhases = (
				4C9A1DC2214B85AE000CEBB8 /* Sources */,
				4C9A1DC3214B85AE000CEBB8 /* Frameworks */,
				4C9A1DC4214B85AE000CEBB8 /* Resources */,
			);
			buildRules = (
			);
			dependencies = (
			);
			name = DBWalletTool;
			productName = DBWalletTool;
			productReference = 4C9A1DC6214B85AE000CEBB8 /* DBWalletTool.app */;
			productType = "com.apple.product-type.application";
		};
		4C9A1DDD214B85B0000CEBB8 /* DBWalletToolTests */ = {
			isa = PBXNativeTarget;
			buildConfigurationList = 4C9A1DF5214B85B0000CEBB8 /* Build configuration list for PBXNativeTarget "DBWalletToolTests" */;
			buildPhases = (
				4C9A1DDA214B85B0000CEBB8 /* Sources */,
				4C9A1DDB214B85B0000CEBB8 /* Frameworks */,
				4C9A1DDC214B85B0000CEBB8 /* Resources */,
			);
			buildRules = (
			);
			dependencies = (
				4C9A1DE0214B85B0000CEBB8 /* PBXTargetDependency */,
			);
			name = DBWalletToolTests;
			productName = DBWalletToolTests;
			productReference = 4C9A1DDE214B85B0000CEBB8 /* DBWalletToolTests.xctest */;
			productType = "com.apple.product-type.bundle.unit-test";
		};
		4C9A1DE8214B85B0000CEBB8 /* DBWalletToolUITests */ = {
			isa = PBXNativeTarget;
			buildConfigurationList = 4C9A1DF8214B85B0000CEBB8 /* Build configuration list for PBXNativeTarget "DBWalletToolUITests" */;
			buildPhases = (
				4C9A1DE5214B85B0000CEBB8 /* Sources */,
				4C9A1DE6214B85B0000CEBB8 /* Frameworks */,
				4C9A1DE7214B85B0000CEBB8 /* Resources */,
			);
			buildRules = (
			);
			dependencies = (
				4C9A1DEB214B85B0000CEBB8 /* PBXTargetDependency */,
			);
			name = DBWalletToolUITests;
			productName = DBWalletToolUITests;
			productReference = 4C9A1DE9214B85B0000CEBB8 /* DBWalletToolUITests.xctest */;
			productType = "com.apple.product-type.bundle.ui-testing";
		};
/* End PBXNativeTarget section */

/* Begin PBXProject section */
		4C9A1DBE214B85AE000CEBB8 /* Project object */ = {
			isa = PBXProject;
			attributes = {
				LastUpgradeCheck = 0940;
				ORGANIZATIONNAME = "杭州稻本信息技术有限公司";
				TargetAttributes = {
					4C9A1DC5214B85AE000CEBB8 = {
						CreatedOnToolsVersion = 9.4.1;
					};
					4C9A1DDD214B85B0000CEBB8 = {
						CreatedOnToolsVersion = 9.4.1;
						TestTargetID = 4C9A1DC5214B85AE000CEBB8;
					};
					4C9A1DE8214B85B0000CEBB8 = {
						CreatedOnToolsVersion = 9.4.1;
						TestTargetID = 4C9A1DC5214B85AE000CEBB8;
					};
				};
			};
			buildConfigurationList = 4C9A1DC1214B85AE000CEBB8 /* Build configuration list for PBXProject "DBWalletTool" */;
			compatibilityVersion = "Xcode 9.3";
			developmentRegion = en;
			hasScannedForEncodings = 0;
			knownRegions = (
				en,
				Base,
			);
			mainGroup = 4C9A1DBD214B85AE000CEBB8;
			productRefGroup = 4C9A1DC7214B85AE000CEBB8 /* Products */;
			projectDirPath = "";
			projectRoot = "";
			targets = (
				4C9A1DC5214B85AE000CEBB8 /* DBWalletTool */,
				4C9A1DDD214B85B0000CEBB8 /* DBWalletToolTests */,
				4C9A1DE8214B85B0000CEBB8 /* DBWalletToolUITests */,
			);
		};
/* End PBXProject section */

/* Begin PBXResourcesBuildPhase section */
		4C9A1DC4214B85AE000CEBB8 /* Resources */ = {
			isa = PBXResourcesBuildPhase;
			buildActionMask = 2147483647;
			files = (
				4C9A1DD6214B85B0000CEBB8 /* LaunchScreen.storyboard in Resources */,
				4C9A1DD3214B85B0000CEBB8 /* Assets.xcassets in Resources */,
				4C9A1DD1214B85AE000CEBB8 /* Main.storyboard in Resources */,
			);
			runOnlyForDeploymentPostprocessing = 0;
		};
		4C9A1DDC214B85B0000CEBB8 /* Resources */ = {
			isa = PBXResourcesBuildPhase;
			buildActionMask = 2147483647;
			files = (
			);
			runOnlyForDeploymentPostprocessing = 0;
		};
		4C9A1DE7214B85B0000CEBB8 /* Resources */ = {
			isa = PBXResourcesBuildPhase;
			buildActionMask = 2147483647;
			files = (
			);
			runOnlyForDeploymentPostprocessing = 0;
		};
/* End PBXResourcesBuildPhase section */

/* Begin PBXSourcesBuildPhase section */
		4C9A1DC2214B85AE000CEBB8 /* Sources */ = {
			isa = PBXSourcesBuildPhase;
			buildActionMask = 2147483647;
			files = (
				4C9A1DCE214B85AE000CEBB8 /* ViewController.m in Sources */,
				4C9A1DD9214B85B0000CEBB8 /* main.m in Sources */,
				4C9A1DCB214B85AE000CEBB8 /* AppDelegate.m in Sources */,
			);
			runOnlyForDeploymentPostprocessing = 0;
		};
		4C9A1DDA214B85B0000CEBB8 /* Sources */ = {
			isa = PBXSourcesBuildPhase;
			buildActionMask = 2147483647;
			files = (
				4C9A1DE3214B85B0000CEBB8 /* DBWalletToolTests.m in Sources */,
			);
			runOnlyForDeploymentPostprocessing = 0;
		};
		4C9A1DE5214B85B0000CEBB8 /* Sources */ = {
			isa = PBXSourcesBuildPhase;
			buildActionMask = 2147483647;
			files = (
				4C9A1DEE214B85B0000CEBB8 /* DBWalletToolUITests.m in Sources */,
			);
			runOnlyForDeploymentPostprocessing = 0;
		};
/* End PBXSourcesBuildPhase section */

/* Begin PBXTargetDependency section */
		4C9A1DE0214B85B0000CEBB8 /* PBXTargetDependency */ = {
			isa = PBXTargetDependency;
			target = 4C9A1DC5214B85AE000CEBB8 /* DBWalletTool */;
			targetProxy = 4C9A1DDF214B85B0000CEBB8 /* PBXContainerItemProxy */;
		};
		4C9A1DEB214B85B0000CEBB8 /* PBXTargetDependency */ = {
			isa = PBXTargetDependency;
			target = 4C9A1DC5214B85AE000CEBB8 /* DBWalletTool */;
			targetProxy = 4C9A1DEA214B85B0000CEBB8 /* PBXContainerItemProxy */;
		};
/* End PBXTargetDependency section */

/* Begin PBXVariantGroup section */
		4C9A1DCF214B85AE000CEBB8 /* Main.storyboard */ = {
			isa = PBXVariantGroup;
			children = (
				4C9A1DD0214B85AE000CEBB8 /* Base */,
			);
			name = Main.storyboard;
			sourceTree = "<group>";
		};
		4C9A1DD4214B85B0000CEBB8 /* LaunchScreen.storyboard */ = {
			isa = PBXVariantGroup;
			children = (
				4C9A1DD5214B85B0000CEBB8 /* Base */,
			);
			name = LaunchScreen.storyboard;
			sourceTree = "<group>";
		};
/* End PBXVariantGroup section */

/* Begin XCBuildConfiguration section */
		4C9A1DF0214B85B0000CEBB8 /* Debug */ = {
			isa = XCBuildConfiguration;
			buildSettings = {
				ALWAYS_SEARCH_USER_PATHS = NO;
				CLANG_ANALYZER_NONNULL = YES;
				CLANG_ANALYZER_NUMBER_OBJECT_CONVERSION = YES_AGGRESSIVE;
				CLANG_CXX_LANGUAGE_STANDARD = "gnu++14";
				CLANG_CXX_LIBRARY = "libc++";
				CLANG_ENABLE_MODULES = YES;
				CLANG_ENABLE_OBJC_ARC = YES;
				CLANG_ENABLE_OBJC_WEAK = YES;
				CLANG_WARN_BLOCK_CAPTURE_AUTORELEASING = YES;
				CLANG_WARN_BOOL_CONVERSION = YES;
				CLANG_WARN_COMMA = YES;
				CLANG_WARN_CONSTANT_CONVERSION = YES;
				CLANG_WARN_DEPRECATED_OBJC_IMPLEMENTATIONS = YES;
				CLANG_WARN_DIRECT_OBJC_ISA_USAGE = YES_ERROR;
				CLANG_WARN_DOCUMENTATION_COMMENTS = YES;
				CLANG_WARN_EMPTY_BODY = YES;
				CLANG_WARN_ENUM_CONVERSION = YES;
				CLANG_WARN_INFINITE_RECURSION = YES;
				CLANG_WARN_INT_CONVERSION = YES;
				CLANG_WARN_NON_LITERAL_NULL_CONVERSION = YES;
				CLANG_WARN_OBJC_IMPLICIT_RETAIN_SELF = YES;
				CLANG_WARN_OBJC_LITERAL_CONVERSION = YES;
				CLANG_WARN_OBJC_ROOT_CLASS = YES_ERROR;
				CLANG_WARN_RANGE_LOOP_ANALYSIS = YES;
				CLANG_WARN_STRICT_PROTOTYPES = YES;
				CLANG_WARN_SUSPICIOUS_MOVE = YES;
				CLANG_WARN_UNGUARDED_AVAILABILITY = YES_AGGRESSIVE;
				CLANG_WARN_UNREACHABLE_CODE = YES;
				CLANG_WARN__DUPLICATE_METHOD_MATCH = YES;
				CODE_SIGN_IDENTITY = "iPhone Developer";
				COPY_PHASE_STRIP = NO;
				DEBUG_INFORMATION_FORMAT = dwarf;
				ENABLE_STRICT_OBJC_MSGSEND = YES;
				ENABLE_TESTABILITY = YES;
				GCC_C_LANGUAGE_STANDARD = gnu11;
				GCC_DYNAMIC_NO_PIC = NO;
				GCC_NO_COMMON_BLOCKS = YES;
				GCC_OPTIMIZATION_LEVEL = 0;
				GCC_PREPROCESSOR_DEFINITIONS = (
					"DEBUG=1",
					"$(inherited)",
				);
				GCC_WARN_64_TO_32_BIT_CONVERSION = YES;
				GCC_WARN_ABOUT_RETURN_TYPE = YES_ERROR;
				GCC_WARN_UNDECLARED_SELECTOR = YES;
				GCC_WARN_UNINITIALIZED_AUTOS = YES_AGGRESSIVE;
				GCC_WARN_UNUSED_FUNCTION = YES;
				GCC_WARN_UNUSED_VARIABLE = YES;
				IPHONEOS_DEPLOYMENT_TARGET = 11.4;
				MTL_ENABLE_DEBUG_INFO = YES;
				ONLY_ACTIVE_ARCH = YES;
				SDKROOT = iphoneos;
			};
			name = Debug;
		};
		4C9A1DF1214B85B0000CEBB8 /* Release */ = {
			isa = XCBuildConfiguration;
			buildSettings = {
				ALWAYS_SEARCH_USER_PATHS = NO;
				CLANG_ANALYZER_NONNULL = YES;
				CLANG_ANALYZER_NUMBER_OBJECT_CONVERSION = YES_AGGRESSIVE;
				CLANG_CXX_LANGUAGE_STANDARD = "gnu++14";
				CLANG_CXX_LIBRARY = "libc++";
				CLANG_ENABLE_MODULES = YES;
				CLANG_ENABLE_OBJC_ARC = YES;
				CLANG_ENABLE_OBJC_WEAK = YES;
				CLANG_WARN_BLOCK_CAPTURE_AUTORELEASING = YES;
				CLANG_WARN_BOOL_CONVERSION = YES;
				CLANG_WARN_COMMA = YES;
				CLANG_WARN_CONSTANT_CONVERSION = YES;
				CLANG_WARN_DEPRECATED_OBJC_IMPLEMENTATIONS = YES;
				CLANG_WARN_DIRECT_OBJC_ISA_USAGE = YES_ERROR;
				CLANG_WARN_DOCUMENTATION_COMMENTS = YES;
				CLANG_WARN_EMPTY_BODY = YES;
				CLANG_WARN_ENUM_CONVERSION = YES;
				CLANG_WARN_INFINITE_RECURSION = YES;
				CLANG_WARN_INT_CONVERSION = YES;
				CLANG_WARN_NON_LITERAL_NULL_CONVERSION = YES;
				CLANG_WARN_OBJC_IMPLICIT_RETAIN_SELF = YES;
				CLANG_WARN_OBJC_LITERAL_CONVERSION = YES;
				CLANG_WARN_OBJC_ROOT_CLASS = YES_ERROR;
				CLANG_WARN_RANGE_LOOP_ANALYSIS = YES;
				CLANG_WARN_STRICT_PROTOTYPES = YES;
				CLANG_WARN_SUSPICIOUS_MOVE = YES;
				CLANG_WARN_UNGUARDED_AVAILABILITY = YES_AGGRESSIVE;
				CLANG_WARN_UNREACHABLE_CODE = YES;
				CLANG_WARN__DUPLICATE_METHOD_MATCH = YES;
				CODE_SIGN_IDENTITY = "iPhone Developer";
				COPY_PHASE_STRIP = NO;
				DEBUG_INFORMATION_FORMAT = "dwarf-with-dsym";
				ENABLE_NS_ASSERTIONS = NO;
				ENABLE_STRICT_OBJC_MSGSEND = YES;
				GCC_C_LANGUAGE_STANDARD = gnu11;
				GCC_NO_COMMON_BLOCKS = YES;
				GCC_WARN_64_TO_32_BIT_CONVERSION = YES;
				GCC_WARN_ABOUT_RETURN_TYPE = YES_ERROR;
				GCC_WARN_UNDECLARED_SELECTOR = YES;
				GCC_WARN_UNINITIALIZED_AUTOS = YES_AGGRESSIVE;
				GCC_WARN_UNUSED_FUNCTION = YES;
				GCC_WARN_UNUSED_VARIABLE = YES;
				IPHONEOS_DEPLOYMENT_TARGET = 11.4;
				MTL_ENABLE_DEBUG_INFO = NO;
				SDKROOT = iphoneos;
				VALIDATE_PRODUCT = YES;
			};
			name = Release;
		};
		4C9A1DF3214B85B0000CEBB8 /* Debug */ = {
			isa = XCBuildConfiguration;
			buildSettings = {
				ASSETCATALOG_COMPILER_APPICON_NAME = AppIcon;
				CODE_SIGN_STYLE = Automatic;
				DEVELOPMENT_TEAM = ZXV6VE2UUN;
				INFOPLIST_FILE = DBWalletTool/Info.plist;
				LD_RUNPATH_SEARCH_PATHS = (
					"$(inherited)",
					"@executable_path/Frameworks",
				);
				PRODUCT_BUNDLE_IDENTIFIER = "--.DBWalletTool";
				PRODUCT_NAME = "$(TARGET_NAME)";
				TARGETED_DEVICE_FAMILY = "1,2";
			};
			name = Debug;
		};
		4C9A1DF4214B85B0000CEBB8 /* Release */ = {
			isa = XCBuildConfiguration;
			buildSettings = {
				ASSETCATALOG_COMPILER_APPICON_NAME = AppIcon;
				CODE_SIGN_STYLE = Automatic;
				DEVELOPMENT_TEAM = ZXV6VE2UUN;
				INFOPLIST_FILE = DBWalletTool/Info.plist;
				LD_RUNPATH_SEARCH_PATHS = (
					"$(inherited)",
					"@executable_path/Frameworks",
				);
				PRODUCT_BUNDLE_IDENTIFIER = "--.DBWalletTool";
				PRODUCT_NAME = "$(TARGET_NAME)";
				TARGETED_DEVICE_FAMILY = "1,2";
			};
			name = Release;
		};
		4C9A1DF6214B85B0000CEBB8 /* Debug */ = {
			isa = XCBuildConfiguration;
			buildSettings = {
				BUNDLE_LOADER = "$(TEST_HOST)";
				CODE_SIGN_STYLE = Automatic;
				DEVELOPMENT_TEAM = ZXV6VE2UUN;
				INFOPLIST_FILE = DBWalletToolTests/Info.plist;
				LD_RUNPATH_SEARCH_PATHS = (
					"$(inherited)",
					"@executable_path/Frameworks",
					"@loader_path/Frameworks",
				);
				PRODUCT_BUNDLE_IDENTIFIER = "--.DBWalletToolTests";
				PRODUCT_NAME = "$(TARGET_NAME)";
				TARGETED_DEVICE_FAMILY = "1,2";
				TEST_HOST = "$(BUILT_PRODUCTS_DIR)/DBWalletTool.app/DBWalletTool";
			};
			name = Debug;
		};
		4C9A1DF7214B85B0000CEBB8 /* Release */ = {
			isa = XCBuildConfiguration;
			buildSettings = {
				BUNDLE_LOADER = "$(TEST_HOST)";
				CODE_SIGN_STYLE = Automatic;
				DEVELOPMENT_TEAM = ZXV6VE2UUN;
				INFOPLIST_FILE = DBWalletToolTests/Info.plist;
				LD_RUNPATH_SEARCH_PATHS = (
					"$(inherited)",
					"@executable_path/Frameworks",
					"@loader_path/Frameworks",
				);
				PRODUCT_BUNDLE_IDENTIFIER = "--.DBWalletToolTests";
				PRODUCT_NAME = "$(TARGET_NAME)";
				TARGETED_DEVICE_FAMILY = "1,2";
				TEST_HOST = "$(BUILT_PRODUCTS_DIR)/DBWalletTool.app/DBWalletTool";
			};
			name = Release;
		};
		4C9A1DF9214B85B0000CEBB8 /* Debug */ = {
			isa = XCBuildConfiguration;
			buildSettings = {
				CODE_SIGN_STYLE = Automatic;
				DEVELOPMENT_TEAM = ZXV6VE2UUN;
				INFOPLIST_FILE = DBWalletToolUITests/Info.plist;
				LD_RUNPATH_SEARCH_PATHS = (
					"$(inherited)",
					"@executable_path/Frameworks",
					"@loader_path/Frameworks",
				);
				PRODUCT_BUNDLE_IDENTIFIER = "--.DBWalletToolUITests";
				PRODUCT_NAME = "$(TARGET_NAME)";
				TARGETED_DEVICE_FAMILY = "1,2";
				TEST_TARGET_NAME = DBWalletTool;
			};
			name = Debug;
		};
		4C9A1DFA214B85B0000CEBB8 /* Release */ = {
			isa = XCBuildConfiguration;
			buildSettings = {
				CODE_SIGN_STYLE = Automatic;
				DEVELOPMENT_TEAM = ZXV6VE2UUN;
				INFOPLIST_FILE = DBWalletToolUITests/Info.plist;
				LD_RUNPATH_SEARCH_PATHS = (
					"$(inherited)",
					"@executable_path/Frameworks",
					"@loader_path/Frameworks",
				);
				PRODUCT_BUNDLE_IDENTIFIER = "--.DBWalletToolUITests";
				PRODUCT_NAME = "$(TARGET_NAME)";
				TARGETED_DEVICE_FAMILY = "1,2";
				TEST_TARGET_NAME = DBWalletTool;
			};
			name = Release;
		};
/* End XCBuildConfiguration section */

/* Begin XCConfigurationList section */
		4C9A1DC1214B85AE000CEBB8 /* Build configuration list for PBXProject "DBWalletTool" */ = {
			isa = XCConfigurationList;
			buildConfigurations = (
				4C9A1DF0214B85B0000CEBB8 /* Debug */,
				4C9A1DF1214B85B0000CEBB8 /* Release */,
			);
			defaultConfigurationIsVisible = 0;
			defaultConfigurationName = Release;
		};
		4C9A1DF2214B85B0000CEBB8 /* Build configuration list for PBXNativeTarget "DBWalletTool" */ = {
			isa = XCConfigurationList;
			buildConfigurations = (
				4C9A1DF3214B85B0000CEBB8 /* Debug */,
				4C9A1DF4214B85B0000CEBB8 /* Release */,
			);
			defaultConfigurationIsVisible = 0;
			defaultConfigurationName = Release;
		};
		4C9A1DF5214B85B0000CEBB8 /* Build configuration list for PBXNativeTarget "DBWalletToolTests" */ = {
			isa = XCConfigurationList;
			buildConfigurations = (
				4C9A1DF6214B85B0000CEBB8 /* Debug */,
				4C9A1DF7214B85B0000CEBB8 /* Release */,
			);
			defaultConfigurationIsVisible = 0;
			defaultConfigurationName = Release;
		};
		4C9A1DF8214B85B0000CEBB8 /* Build configuration list for PBXNativeTarget "DBWalletToolUITests" */ = {
			isa = XCConfigurationList;
			buildConfigurations = (
				4C9A1DF9214B85B0000CEBB8 /* Debug */,
				4C9A1DFA214B85B0000CEBB8 /* Release */,
			);
			defaultConfigurationIsVisible = 0;
			defaultConfigurationName = Release;
		};
/* End XCConfigurationList section */
	};
	rootObject = 4C9A1DBE214B85AE000CEBB8 /* Project object */;
}
